{
  "name": "HelloApp",
  "lockfileVersion": 2,
  "requires": true,
  "packages": {
    "": {
      "dependencies": {
        "apicloud-polyfill": "^0.1.1"
      }
    },
    "node_modules/apicloud-polyfill": {
      "version": "0.1.1",
      "resolved": "https://registry.npmmirror.com/apicloud-polyfill/download/apicloud-polyfill-0.1.1.tgz",
      "integrity": "sha1-saddQNxDa/X8579NTKt3syStMmM=",
      "dependencies": {
        "fs-extra": "^1.0.0"
      }
    },
    "node_modules/fs-extra": {
      "version": "1.0.0",
      "resolved": "https://registry.nlark.com/fs-extra/download/fs-extra-1.0.0.tgz",
      "integrity": "sha1-zTzl9+fLYUWIP8rjGR6Yd/hYeVA=",
      "dependencies": {
        "graceful-fs": "^4.1.2",
        "jsonfile": "^2.1.0",
        "klaw": "^1.0.0"
      }
    },
    "node_modules/graceful-fs": {
      "version": "4.2.9",
      "resolved": "https://registry.npmmirror.com/graceful-fs/download/graceful-fs-4.2.9.tgz",
      "integrity": "sha512-NtNxqUcXgpW2iMrfqSfR73Glt39K+BLwWsPs94yR63v45T0Wbej7eRmL5cWfwEgqXnmjQp3zaJTshdRW/qC2ZQ=="
    },
    "node_modules/jsonfile": {
      "version": "2.4.0",
      "resolved": "https://registry.nlark.com/jsonfile/download/jsonfile-2.4.0.tgz",
      "integrity": "sha1-NzaitCi4e72gzIO1P6PWM6NcKug=",
      "optionalDependencies": {
        "graceful-fs": "^4.1.6"
      }
    },
    "node_modules/klaw": {
      "version": "1.3.1",
      "resolved": "https://registry.nlark.com/klaw/download/klaw-1.3.1.tgz?cache=0&sync_timestamp=1631977840040&other_urls=https%3A%2F%2Fregistry.nlark.com%2Fklaw%2Fdownload%2Fklaw-1.3.1.tgz",
      "integrity": "sha1-QIhDO0azsbolnXh4XY6W9zugJDk=",
      "optionalDependencies": {
        "graceful-fs": "^4.1.9"
      }
    }
  },
  "dependencies": {
    "apicloud-polyfill": {
      "version": "0.1.1",
      "resolved": "https://registry.npmmirror.com/apicloud-polyfill/download/apicloud-polyfill-0.1.1.tgz",
      "integrity": "sha1-saddQNxDa/X8579NTKt3syStMmM=",
      "requires": {
        "fs-extra": "^1.0.0"
      }
    },
    "fs-extra": {
      "version": "1.0.0",
      "resolved": "https://registry.nlark.com/fs-extra/download/fs-extra-1.0.0.tgz",
      "integrity": "sha1-zTzl9+fLYUWIP8rjGR6Yd/hYeVA=",
      "requires": {
        "graceful-fs": "^4.1.2",
        "jsonfile": "^2.1.0",
        "klaw": "^1.0.0"
      }
    },
    "graceful-fs": {
      "version": "4.2.9",
      "resolved": "https://registry.npmmirror.com/graceful-fs/download/graceful-fs-4.2.9.tgz",
      "integrity": "sha512-NtNxqUcXgpW2iMrfqSfR73Glt39K+BLwWsPs94yR63v45T0Wbej7eRmL5cWfwEgqXnmjQp3zaJTshdRW/qC2ZQ=="
    },
    "jsonfile": {
      "version": "2.4.0",
      "resolved": "https://registry.nlark.com/jsonfile/download/jsonfile-2.4.0.tgz",
      "integrity": "sha1-NzaitCi4e72gzIO1P6PWM6NcKug=",
      "requires": {
        "graceful-fs": "^4.1.6"
      }
    },
    "klaw": {
      "version": "1.3.1",
      "resolved": "https://registry.nlark.com/klaw/download/klaw-1.3.1.tgz?cache=0&sync_timestamp=1631977840040&other_urls=https%3A%2F%2Fregistry.nlark.com%2Fklaw%2Fdownload%2Fklaw-1.3.1.tgz",
      "integrity": "sha1-QIhDO0azsbolnXh4XY6W9zugJDk=",
      "requires": {
        "graceful-fs": "^4.1.9"
      }
    }
  }
}
